
Microsoft Visual Studio Solution File, Format Version 12.00
# Visual Studio Version 16
VisualStudioVersion = 16.0.810.11
MinimumVisualStudioVersion = 10.0.40219.1
Project("{FAE04EC0-301F-11D3-BF4B-00C04F79EFBC}") = "EmployeesManager", "EmployeesManager.csproj", "{558C4731-18FB-400D-9EC8-0FCD27F8B518}"
EndProject
Global
	GlobalSection(SolutionConfigurationPlatforms) = preSolution
		Debug|Any CPU = Debug|Any CPU
		Release|Any CPU = Release|Any CPU
	EndGlobalSection
	GlobalSection(ProjectConfigurationPlatforms) = postSolution
		{558C4731-18FB-400D-9EC8-0FCD27F8B518}.Debug|Any CPU.ActiveCfg = Debug|Any CPU
		{558C4731-18FB-400D-9EC8-0FCD27F8B518}.Debug|Any CPU.Build.0 = Debug|Any CPU
		{558C4731-18FB-400D-9EC8-0FCD27F8B518}.Release|Any CPU.ActiveCfg = Release|Any CPU
		{558C4731-18FB-400D-9EC8-0FCD27F8B518}.Release|Any CPU.Build.0 = Release|Any CPU
	EndGlobalSection
	GlobalSection(SolutionProperties) = preSolution
		HideSolutionNode = FALSE
	EndGlobalSection
	GlobalSection(ExtensibilityGlobals) = postSolution
		SolutionGuid = {424C1ABE-4D82-4523-8D42-15C4946861C8}
	EndGlobalSection
EndGlobal
